
Microsoft Visual Studio Solution File, Format Version 12.00
# Visual Studio Version 17
VisualStudioVersion = 17.5.002.0
MinimumVisualStudioVersion = 10.0.40219.1
Project("{9A19103F-16F7-4668-BE54-9A1E7A4F7556}") = "CosmosPostgresAPI", "CosmosPostgresAPI.csproj", "{1879331B-7BCA-4629-AD61-A6F478E3E17E}"
EndProject
Global
	GlobalSection(SolutionConfigurationPlatforms) = preSolution
		Debug|Any CPU = Debug|Any CPU
		Release|Any CPU = Release|Any CPU
	EndGlobalSection
	GlobalSection(ProjectConfigurationPlatforms) = postSolution
		{1879331B-7BCA-4629-AD61-A6F478E3E17E}.Debug|Any CPU.ActiveCfg = Debug|Any CPU
		{1879331B-7BCA-4629-AD61-A6F478E3E17E}.Debug|Any CPU.Build.0 = Debug|Any CPU
		{1879331B-7BCA-4629-AD61-A6F478E3E17E}.Release|Any CPU.ActiveCfg = Release|Any CPU
		{1879331B-7BCA-4629-AD61-A6F478E3E17E}.Release|Any CPU.Build.0 = Release|Any CPU
	EndGlobalSection
	GlobalSection(SolutionProperties) = preSolution
		HideSolutionNode = FALSE
	EndGlobalSection
	GlobalSection(ExtensibilityGlobals) = postSolution
		SolutionGuid = {C750C82C-31C1-4598-800A-EC29180CF2CE}
	EndGlobalSection
EndGlobal
